# This file is automatically @generated by Cargo.
# It is not intended for manual editing.
version = 3

[[package]]
name = "cursed-ip"
version = "0.1.0"
dependencies = [
 "uuid",
]

[[package]]
name = "uuid"
version = "1.0.0-alpha.1"
source = "registry+https://github.com/rust-lang/crates.io-index"
checksum = "bb3ab47baa004111b323696c6eaa2752e7356f7f77cf6b6dc7a2087368ce1ca4"
